{
  "name": "dynamic-typing",
  "version": "0.1.0",
  "lockfileVersion": 2,
  "requires": true,
  "packages": {
    "": {
      "name": "dynamic-typing",
      "version": "0.1.0",
      "license": "MIT",
      "dependencies": {
        "abstract-syntax-tree": "^2.20.6"
      }
    },
    "node_modules/abstract-syntax-tree": {
      "version": "2.20.6",
      "resolved": "https://registry.npmjs.org/abstract-syntax-tree/-/abstract-syntax-tree-2.20.6.tgz",
      "integrity": "sha512-3ziZ1Z8XqERIBoe6gv1G1YOqMeEA9JkmUElVzMj4BscwpYJ82SwePXPK6RU//bDZaOzX+eTvHLm1rX+yzCJdSg==",
      "dependencies": {
        "ast-types": "0.14.2",
        "astring": "^1.8.1",
        "esquery": "^1.4.0",
        "estraverse": "^5.3.0",
        "meriyah": "^4.2.1",
        "source-map": "0.7.3"
      },
      "engines": {
        "node": ">=14.0.0"
      }
    },
    "node_modules/ast-types": {
      "version": "0.14.2",
      "resolved": "https://registry.npmjs.org/ast-types/-/ast-types-0.14.2.tgz",
      "integrity": "sha512-O0yuUDnZeQDL+ncNGlJ78BiO4jnYI3bvMsD5prT0/nsgijG/LpNBIr63gTjVTNsiGkgQhiyCShTgxt8oXOrklA==",
      "dependencies": {
        "tslib": "^2.0.1"
      },
      "engines": {
        "node": ">=4"
      }
    },
    "node_modules/astring": {
      "version": "1.8.3",
      "resolved": "https://registry.npmjs.org/astring/-/astring-1.8.3.tgz",
      "integrity": "sha512-sRpyiNrx2dEYIMmUXprS8nlpRg2Drs8m9ElX9vVEXaCB4XEAJhKfs7IcX0IwShjuOAjLR6wzIrgoptz1n19i1A==",
      "bin": {
        "astring": "bin/astring"
      }
    },
    "node_modules/esquery": {
      "version": "1.4.0",
      "resolved": "https://registry.npmjs.org/esquery/-/esquery-1.4.0.tgz",
      "integrity": "sha512-cCDispWt5vHHtwMY2YrAQ4ibFkAL8RbH5YGBnZBc90MolvvfkkQcJro/aZiAQUlQ3qgrYS6D6v8Gc5G5CQsc9w==",
      "dependencies": {
        "estraverse": "^5.1.0"
      },
      "engines": {
        "node": ">=0.10"
      }
    },
    "node_modules/estraverse": {
      "version": "5.3.0",
      "resolved": "https://registry.npmjs.org/estraverse/-/estraverse-5.3.0.tgz",
      "integrity": "sha512-MMdARuVEQziNTeJD8DgMqmhwR11BRQ/cBP+pLtYdSTnf3MIO8fFeiINEbX36ZdNlfU/7A9f3gUw49B3oQsvwBA==",
      "engines": {
        "node": ">=4.0"
      }
    },
    "node_modules/meriyah": {
      "version": "4.3.3",
      "resolved": "https://registry.npmjs.org/meriyah/-/meriyah-4.3.3.tgz",
      "integrity": "sha512-7+EKEzAp0Gvp739Dv9F6ci9FXqqAz4QDAPVaLt15s9UF9gwQLwspqQzmoGjbavnTiFXZ5hf+EDdu5MtlkMCZfA==",
      "engines": {
        "node": ">=10.4.0"
      }
    },
    "node_modules/source-map": {
      "version": "0.7.3",
      "resolved": "https://registry.npmjs.org/source-map/-/source-map-0.7.3.tgz",
      "integrity": "sha512-CkCj6giN3S+n9qrYiBTX5gystlENnRW5jZeNLHpe6aue+SrHcG5VYwujhW9s4dY31mEGsxBDrHR6oI69fTXsaQ==",
      "engines": {
        "node": ">= 8"
      }
    },
    "node_modules/tslib": {
      "version": "2.4.1",
      "resolved": "https://registry.npmjs.org/tslib/-/tslib-2.4.1.tgz",
      "integrity": "sha512-tGyy4dAjRIEwI7BzsB0lynWgOpfqjUdq91XXAlIWD2OwKBH7oCl/GZG/HT4BOHrTlPMOASlMQ7veyTqpmRcrNA=="
    }
  },
  "dependencies": {
    "abstract-syntax-tree": {
      "version": "2.20.6",
      "resolved": "https://registry.npmjs.org/abstract-syntax-tree/-/abstract-syntax-tree-2.20.6.tgz",
      "integrity": "sha512-3ziZ1Z8XqERIBoe6gv1G1YOqMeEA9JkmUElVzMj4BscwpYJ82SwePXPK6RU//bDZaOzX+eTvHLm1rX+yzCJdSg==",
      "requires": {
        "ast-types": "0.14.2",
        "astring": "^1.8.1",
        "esquery": "^1.4.0",
        "estraverse": "^5.3.0",
        "meriyah": "^4.2.1",
        "source-map": "0.7.3"
      }
    },
    "ast-types": {
      "version": "0.14.2",
      "resolved": "https://registry.npmjs.org/ast-types/-/ast-types-0.14.2.tgz",
      "integrity": "sha512-O0yuUDnZeQDL+ncNGlJ78BiO4jnYI3bvMsD5prT0/nsgijG/LpNBIr63gTjVTNsiGkgQhiyCShTgxt8oXOrklA==",
      "requires": {
        "tslib": "^2.0.1"
      }
    },
    "astring": {
      "version": "1.8.3",
      "resolved": "https://registry.npmjs.org/astring/-/astring-1.8.3.tgz",
      "integrity": "sha512-sRpyiNrx2dEYIMmUXprS8nlpRg2Drs8m9ElX9vVEXaCB4XEAJhKfs7IcX0IwShjuOAjLR6wzIrgoptz1n19i1A=="
    },
    "esquery": {
      "version": "1.4.0",
      "resolved": "https://registry.npmjs.org/esquery/-/esquery-1.4.0.tgz",
      "integrity": "sha512-cCDispWt5vHHtwMY2YrAQ4ibFkAL8RbH5YGBnZBc90MolvvfkkQcJro/aZiAQUlQ3qgrYS6D6v8Gc5G5CQsc9w==",
      "requires": {
        "estraverse": "^5.1.0"
      }
    },
    "estraverse": {
      "version": "5.3.0",
      "resolved": "https://registry.npmjs.org/estraverse/-/estraverse-5.3.0.tgz",
      "integrity": "sha512-MMdARuVEQziNTeJD8DgMqmhwR11BRQ/cBP+pLtYdSTnf3MIO8fFeiINEbX36ZdNlfU/7A9f3gUw49B3oQsvwBA=="
    },
    "meriyah": {
      "version": "4.3.3",
      "resolved": "https://registry.npmjs.org/meriyah/-/meriyah-4.3.3.tgz",
      "integrity": "sha512-7+EKEzAp0Gvp739Dv9F6ci9FXqqAz4QDAPVaLt15s9UF9gwQLwspqQzmoGjbavnTiFXZ5hf+EDdu5MtlkMCZfA=="
    },
    "source-map": {
      "version": "0.7.3",
      "resolved": "https://registry.npmjs.org/source-map/-/source-map-0.7.3.tgz",
      "integrity": "sha512-CkCj6giN3S+n9qrYiBTX5gystlENnRW5jZeNLHpe6aue+SrHcG5VYwujhW9s4dY31mEGsxBDrHR6oI69fTXsaQ=="
    },
    "tslib": {
      "version": "2.4.1",
      "resolved": "https://registry.npmjs.org/tslib/-/tslib-2.4.1.tgz",
      "integrity": "sha512-tGyy4dAjRIEwI7BzsB0lynWgOpfqjUdq91XXAlIWD2OwKBH7oCl/GZG/HT4BOHrTlPMOASlMQ7veyTqpmRcrNA=="
    }
  }
}
